
Microsoft Visual Studio Solution File, Format Version 12.00
# Visual Studio Version 16
VisualStudioVersion = 16.0.29123.88
MinimumVisualStudioVersion = 10.0.40219.1
Project("{E24C65DC-7377-472B-9ABA-BC803B73C61A}") = "BlacksmithLabSite", ".", "{43F672F5-44DD-405A-9F22-1C41262EF815}"
	ProjectSection(WebsiteProperties) = preProject
		TargetFrameworkMoniker = ".NETFramework,Version%3Dv4.0"
		Debug.AspNetCompiler.VirtualPath = "/localhost_50395"
		Debug.AspNetCompiler.PhysicalPath = "D:\BlacksmithLab\BlacksmithLabSite\"
		Debug.AspNetCompiler.TargetPath = "PrecompiledWeb\localhost_50395\"
		Debug.AspNetCompiler.Updateable = "true"
		Debug.AspNetCompiler.ForceOverwrite = "true"
		Debug.AspNetCompiler.FixedNames = "false"
		Debug.AspNetCompiler.Debug = "True"
		Release.AspNetCompiler.VirtualPath = "/localhost_50395"
		Release.AspNetCompiler.PhysicalPath = "D:\BlacksmithLab\BlacksmithLabSite\"
		Release.AspNetCompiler.TargetPath = "PrecompiledWeb\localhost_50395\"
		Release.AspNetCompiler.Updateable = "true"
		Release.AspNetCompiler.ForceOverwrite = "true"
		Release.AspNetCompiler.FixedNames = "false"
		Release.AspNetCompiler.Debug = "False"
		VWDPort = "50395"
	EndProjectSection
EndProject
Global
	GlobalSection(SolutionConfigurationPlatforms) = preSolution
		Debug|Any CPU = Debug|Any CPU
	EndGlobalSection
	GlobalSection(ProjectConfigurationPlatforms) = postSolution
		{43F672F5-44DD-405A-9F22-1C41262EF815}.Debug|Any CPU.ActiveCfg = Debug|Any CPU
		{43F672F5-44DD-405A-9F22-1C41262EF815}.Debug|Any CPU.Build.0 = Debug|Any CPU
	EndGlobalSection
	GlobalSection(SolutionProperties) = preSolution
		HideSolutionNode = FALSE
	EndGlobalSection
	GlobalSection(ExtensibilityGlobals) = postSolution
		SolutionGuid = {91F23E88-BA0F-4AF3-B500-4BADEFE5E694}
	EndGlobalSection
EndGlobal
